
Microsoft Visual Studio Solution File, Format Version 12.00
# Visual Studio Version 17
VisualStudioVersion = 17.3.32922.545
MinimumVisualStudioVersion = 10.0.40219.1
Project("{FAE04EC0-301F-11D3-BF4B-00C04F79EFBC}") = "Domain", "Domain\Domain.csproj", "{DEF54ACA-D7E3-4AB7-8F2C-BF52252E8969}"
EndProject
Project("{FAE04EC0-301F-11D3-BF4B-00C04F79EFBC}") = "Service", "Service\Service.csproj", "{2C1A224D-441D-4608-A717-7E5FCFFA72A2}"
EndProject
Project("{FAE04EC0-301F-11D3-BF4B-00C04F79EFBC}") = "Repository", "Repository\Repository.csproj", "{65C8B7D6-DDC3-4336-893B-B6C0A272833E}"
EndProject
Project("{FAE04EC0-301F-11D3-BF4B-00C04F79EFBC}") = "WebDapperNetCore", "WebDapperNetCore\WebDapperNetCore.csproj", "{49785200-C1AF-41C4-8894-FE77EBE0B9CE}"
EndProject
Global
	GlobalSection(SolutionConfigurationPlatforms) = preSolution
		Debug|Any CPU = Debug|Any CPU
		Release|Any CPU = Release|Any CPU
	EndGlobalSection
	GlobalSection(ProjectConfigurationPlatforms) = postSolution
		{DEF54ACA-D7E3-4AB7-8F2C-BF52252E8969}.Debug|Any CPU.ActiveCfg = Debug|Any CPU
		{DEF54ACA-D7E3-4AB7-8F2C-BF52252E8969}.Debug|Any CPU.Build.0 = Debug|Any CPU
		{DEF54ACA-D7E3-4AB7-8F2C-BF52252E8969}.Release|Any CPU.ActiveCfg = Release|Any CPU
		{DEF54ACA-D7E3-4AB7-8F2C-BF52252E8969}.Release|Any CPU.Build.0 = Release|Any CPU
		{2C1A224D-441D-4608-A717-7E5FCFFA72A2}.Debug|Any CPU.ActiveCfg = Debug|Any CPU
		{2C1A224D-441D-4608-A717-7E5FCFFA72A2}.Debug|Any CPU.Build.0 = Debug|Any CPU
		{2C1A224D-441D-4608-A717-7E5FCFFA72A2}.Release|Any CPU.ActiveCfg = Release|Any CPU
		{2C1A224D-441D-4608-A717-7E5FCFFA72A2}.Release|Any CPU.Build.0 = Release|Any CPU
		{65C8B7D6-DDC3-4336-893B-B6C0A272833E}.Debug|Any CPU.ActiveCfg = Debug|Any CPU
		{65C8B7D6-DDC3-4336-893B-B6C0A272833E}.Debug|Any CPU.Build.0 = Debug|Any CPU
		{65C8B7D6-DDC3-4336-893B-B6C0A272833E}.Release|Any CPU.ActiveCfg = Release|Any CPU
		{65C8B7D6-DDC3-4336-893B-B6C0A272833E}.Release|Any CPU.Build.0 = Release|Any CPU
		{49785200-C1AF-41C4-8894-FE77EBE0B9CE}.Debug|Any CPU.ActiveCfg = Debug|Any CPU
		{49785200-C1AF-41C4-8894-FE77EBE0B9CE}.Debug|Any CPU.Build.0 = Debug|Any CPU
		{49785200-C1AF-41C4-8894-FE77EBE0B9CE}.Release|Any CPU.ActiveCfg = Release|Any CPU
		{49785200-C1AF-41C4-8894-FE77EBE0B9CE}.Release|Any CPU.Build.0 = Release|Any CPU
	EndGlobalSection
	GlobalSection(SolutionProperties) = preSolution
		HideSolutionNode = FALSE
	EndGlobalSection
	GlobalSection(ExtensibilityGlobals) = postSolution
		SolutionGuid = {8857B1DD-BB36-429F-9F3A-55A7B55E0A92}
	EndGlobalSection
EndGlobal
